github.com/beevik/etree v1.1.0 h1:T0xke/WvNtMoCqgzPhkX2r4rjY3GDZFi+FjpRZY2Jbs=
github.com/beevik/etree v1.1.0/go.mod h1:r8Aw8JqVegEf0w2fDnATrX9VpkMcyFeM0FhwO62wh+A=
github.com/miekg/pkcs11 v1.0.3 h1:iMwmD7I5225wv84WxIG/bmxz9AXjWvTWIbM/TYHvWtw=
github.com/miekg/pkcs11 v1.0.3/go.mod h1:XsNlhZGX73bx86s2hdc/FuaLm2CPZJemRLMA+WTFxgs=
github.com/noshto/dsig v0.0.3 h1:kfRPaCH68qr8XGj3LxC77ub/4H/eHASW7CBRegQzE3M=
github.com/noshto/dsig v0.0.3/go.mod h1:qAqQSvjuBt5JV6lcOiBCR52cvfE3KmBFnyoOCZIART4=
github.com/noshto/dsig v0.0.8 h1:K1450+B/n0t6zvSbly9xR0AT+J9yw8sTBK33BL9upJI=
github.com/noshto/dsig v0.0.8/go.mod h1:xKOGzO0cU8domuP5iAtmPCKCBxnMWnA9oQogXz+xues=
github.com/noshto/sep v0.0.4 h1:GmqKGbOxoCNlhj3OrSYU4BUpxFF+KbjaCMJTJGMn/t0=
github.com/noshto/sep v0.0.4/go.mod h1:o34LxYoCqnrpwjfLkVL+PsET6M6THS2bntmXxtu32a8=
github.com/noshto/sep v0.0.17 h1:4Ww/lirYSAbv3yh1g4QTGnH/MiExQv6PvhuibDbTCAM=
github.com/noshto/sep v0.0.17/go.mod h1:o34LxYoCqnrpwjfLkVL+PsET6M6THS2bntmXxtu32a8=
github.com/noshto/sep v0.0.18 h1:j04Kw1OA/dIjr/aRFOXbkwSlwvEr8r6Kh8D4trFPobU=
github.com/noshto/sep v0.0.18/go.mod h1:o34LxYoCqnrpwjfLkVL+PsET6M6THS2bntmXxtu32a8=
